
Microsoft Visual Studio Solution File, Format Version 12.00
# Visual Studio Version 17
VisualStudioVersion = 17.5.33530.505
MinimumVisualStudioVersion = 10.0.40219.1
Project("{FAE04EC0-301F-11D3-BF4B-00C04F79EFBC}") = "Ejercicio8.2", "Ejercicio8.2\Ejercicio8.2.csproj", "{CFACB6FB-18B3-4E41-877E-09AE01A73189}"
EndProject
Global
	GlobalSection(SolutionConfigurationPlatforms) = preSolution
		Debug|Any CPU = Debug|Any CPU
		Release|Any CPU = Release|Any CPU
	EndGlobalSection
	GlobalSection(ProjectConfigurationPlatforms) = postSolution
		{CFACB6FB-18B3-4E41-877E-09AE01A73189}.Debug|Any CPU.ActiveCfg = Debug|Any CPU
		{CFACB6FB-18B3-4E41-877E-09AE01A73189}.Debug|Any CPU.Build.0 = Debug|Any CPU
		{CFACB6FB-18B3-4E41-877E-09AE01A73189}.Release|Any CPU.ActiveCfg = Release|Any CPU
		{CFACB6FB-18B3-4E41-877E-09AE01A73189}.Release|Any CPU.Build.0 = Release|Any CPU
	EndGlobalSection
	GlobalSection(SolutionProperties) = preSolution
		HideSolutionNode = FALSE
	EndGlobalSection
	GlobalSection(ExtensibilityGlobals) = postSolution
		SolutionGuid = {7BE0600C-180A-4AA8-9CD1-A7EA754A3060}
	EndGlobalSection
EndGlobal
